
Microsoft Visual Studio Solution File, Format Version 12.00
# Visual Studio 2012
Project("{FAE04EC0-301F-11D3-BF4B-00C04F79EFBC}") = "SignalR.Compression.Server", "SignalR.Compression.Server\SignalR.Compression.Server.csproj", "{B038C58A-BAFE-4E59-91D3-563EF7D71992}"
EndProject
Project("{FAE04EC0-301F-11D3-BF4B-00C04F79EFBC}") = "SignalR.Compression.Client.JS", "SignalR.Compression.Client.JS\SignalR.Compression.Client.JS.csproj", "{F74C4622-3244-4BB5-BFE7-2AA14F492096}"
EndProject
Project("{FAE04EC0-301F-11D3-BF4B-00C04F79EFBC}") = "SignalR.Compression.Client", "SignalR.Compression.Client\SignalR.Compression.Client.csproj", "{3245465B-E0FA-4A9C-92E6-645034C3A1C0}"
EndProject
Project("{2150E333-8FDC-42A3-9474-1A3956D46DE8}") = "tests", "tests", "{13905E1D-962E-41B2-B43D-ED0A0E4A2A37}"
EndProject
Project("{FAE04EC0-301F-11D3-BF4B-00C04F79EFBC}") = "SignalR.Compression.Server.Tests", "tests\SignalR.Compression.Server.Tests\SignalR.Compression.Server.Tests.csproj", "{F63F4E9D-EFCC-4777-B147-051707B0BB8B}"
EndProject
Project("{FAE04EC0-301F-11D3-BF4B-00C04F79EFBC}") = "SignalR.Compression.Client.Tests", "tests\SignalR.Compression.Client.Tests\SignalR.Compression.Client.Tests.csproj", "{48A85D6D-F2D0-45AD-8793-F2317643D60D}"
EndProject
Project("{FAE04EC0-301F-11D3-BF4B-00C04F79EFBC}") = "SignalR.Compression.Client.JS.Tests", "tests\SignalR.Compression.Client.JS.Tests\SignalR.Compression.Client.JS.Tests.csproj", "{198E37B7-8004-4CCC-9E61-6DAF13AD931C}"
EndProject
Project("{2150E333-8FDC-42A3-9474-1A3956D46DE8}") = ".nuget", ".nuget", "{0C8D1447-A7B9-42E1-8E69-F788A859E041}"
	ProjectSection(SolutionItems) = preProject
		.nuget\NuGet.Config = .nuget\NuGet.Config
		.nuget\NuGet.exe = .nuget\NuGet.exe
		.nuget\NuGet.targets = .nuget\NuGet.targets
	EndProjectSection
EndProject
Project("{2150E333-8FDC-42A3-9474-1A3956D46DE8}") = "samples", "samples", "{D6A7C529-0CB6-4A29-8ABB-E58301ECBF64}"
EndProject
Project("{FAE04EC0-301F-11D3-BF4B-00C04F79EFBC}") = "SignalR.Compression.AspNet.Samples", "SignalR.Compression.AspNet.Samples\SignalR.Compression.AspNet.Samples.csproj", "{ADC4977F-1594-41D9-A014-8B1F793A60E3}"
	ProjectSection(ProjectDependencies) = postProject
		{F74C4622-3244-4BB5-BFE7-2AA14F492096} = {F74C4622-3244-4BB5-BFE7-2AA14F492096}
	EndProjectSection
EndProject
Global
	GlobalSection(SolutionConfigurationPlatforms) = preSolution
		Debug|Any CPU = Debug|Any CPU
		Release|Any CPU = Release|Any CPU
	EndGlobalSection
	GlobalSection(ProjectConfigurationPlatforms) = postSolution
		{B038C58A-BAFE-4E59-91D3-563EF7D71992}.Debug|Any CPU.ActiveCfg = Debug|Any CPU
		{B038C58A-BAFE-4E59-91D3-563EF7D71992}.Debug|Any CPU.Build.0 = Debug|Any CPU
		{B038C58A-BAFE-4E59-91D3-563EF7D71992}.Release|Any CPU.ActiveCfg = Release|Any CPU
		{B038C58A-BAFE-4E59-91D3-563EF7D71992}.Release|Any CPU.Build.0 = Release|Any CPU
		{F74C4622-3244-4BB5-BFE7-2AA14F492096}.Debug|Any CPU.ActiveCfg = Debug|Any CPU
		{F74C4622-3244-4BB5-BFE7-2AA14F492096}.Debug|Any CPU.Build.0 = Debug|Any CPU
		{F74C4622-3244-4BB5-BFE7-2AA14F492096}.Release|Any CPU.ActiveCfg = Release|Any CPU
		{F74C4622-3244-4BB5-BFE7-2AA14F492096}.Release|Any CPU.Build.0 = Release|Any CPU
		{3245465B-E0FA-4A9C-92E6-645034C3A1C0}.Debug|Any CPU.ActiveCfg = Debug|Any CPU
		{3245465B-E0FA-4A9C-92E6-645034C3A1C0}.Debug|Any CPU.Build.0 = Debug|Any CPU
		{3245465B-E0FA-4A9C-92E6-645034C3A1C0}.Release|Any CPU.ActiveCfg = Release|Any CPU
		{3245465B-E0FA-4A9C-92E6-645034C3A1C0}.Release|Any CPU.Build.0 = Release|Any CPU
		{F63F4E9D-EFCC-4777-B147-051707B0BB8B}.Debug|Any CPU.ActiveCfg = Debug|Any CPU
		{F63F4E9D-EFCC-4777-B147-051707B0BB8B}.Debug|Any CPU.Build.0 = Debug|Any CPU
		{F63F4E9D-EFCC-4777-B147-051707B0BB8B}.Release|Any CPU.ActiveCfg = Release|Any CPU
		{F63F4E9D-EFCC-4777-B147-051707B0BB8B}.Release|Any CPU.Build.0 = Release|Any CPU
		{48A85D6D-F2D0-45AD-8793-F2317643D60D}.Debug|Any CPU.ActiveCfg = Debug|Any CPU
		{48A85D6D-F2D0-45AD-8793-F2317643D60D}.Debug|Any CPU.Build.0 = Debug|Any CPU
		{48A85D6D-F2D0-45AD-8793-F2317643D60D}.Release|Any CPU.ActiveCfg = Release|Any CPU
		{48A85D6D-F2D0-45AD-8793-F2317643D60D}.Release|Any CPU.Build.0 = Release|Any CPU
		{198E37B7-8004-4CCC-9E61-6DAF13AD931C}.Debug|Any CPU.ActiveCfg = Debug|Any CPU
		{198E37B7-8004-4CCC-9E61-6DAF13AD931C}.Debug|Any CPU.Build.0 = Debug|Any CPU
		{198E37B7-8004-4CCC-9E61-6DAF13AD931C}.Release|Any CPU.ActiveCfg = Release|Any CPU
		{198E37B7-8004-4CCC-9E61-6DAF13AD931C}.Release|Any CPU.Build.0 = Release|Any CPU
		{ADC4977F-1594-41D9-A014-8B1F793A60E3}.Debug|Any CPU.ActiveCfg = Debug|Any CPU
		{ADC4977F-1594-41D9-A014-8B1F793A60E3}.Debug|Any CPU.Build.0 = Debug|Any CPU
		{ADC4977F-1594-41D9-A014-8B1F793A60E3}.Release|Any CPU.ActiveCfg = Release|Any CPU
		{ADC4977F-1594-41D9-A014-8B1F793A60E3}.Release|Any CPU.Build.0 = Release|Any CPU
	EndGlobalSection
	GlobalSection(SolutionProperties) = preSolution
		HideSolutionNode = FALSE
	EndGlobalSection
	GlobalSection(NestedProjects) = preSolution
		{F63F4E9D-EFCC-4777-B147-051707B0BB8B} = {13905E1D-962E-41B2-B43D-ED0A0E4A2A37}
		{48A85D6D-F2D0-45AD-8793-F2317643D60D} = {13905E1D-962E-41B2-B43D-ED0A0E4A2A37}
		{198E37B7-8004-4CCC-9E61-6DAF13AD931C} = {13905E1D-962E-41B2-B43D-ED0A0E4A2A37}
		{ADC4977F-1594-41D9-A014-8B1F793A60E3} = {D6A7C529-0CB6-4A29-8ABB-E58301ECBF64}
	EndGlobalSection
EndGlobal
